// !$*UTF8*$!
{
	archiveVersion = 1;
	classes = {
	};
	objectVersion = 50;
	objects = {

/* Begin PBXBuildFile section */
		DD7DF9BD25DA0ADB00EC7B56 /* AppDelegate.swift in Sources */ = {isa = PBXBuildFile; fileRef = DD7DF9BC25DA0ADB00EC7B56 /* AppDelegate.swift */; };
		DD7DF9BF25DA0ADB00EC7B56 /* SceneDelegate.swift in Sources */ = {isa = PBXBuildFile; fileRef = DD7DF9BE25DA0ADB00EC7B56 /* SceneDelegate.swift */; };
		DD7DF9C125DA0ADB00EC7B56 /* ContentView.swift in Sources */ = {isa = PBXBuildFile; fileRef = DD7DF9C025DA0ADB00EC7B56 /* ContentView.swift */; };
		DD7DF9C325DA0ADC00EC7B56 /* Assets.xcassets in Resources */ = {isa = PBXBuildFile; fileRef = DD7DF9C225DA0ADC00EC7B56 /* Assets.xcassets */; };
		DD7DF9C625DA0ADC00EC7B56 /* Preview Assets.xcassets in Resources */ = {isa = PBXBuildFile; fileRef = DD7DF9C525DA0ADC00EC7B56 /* Preview Assets.xcassets */; };
		DD7DF9C925DA0ADC00EC7B56 /* LaunchScreen.storyboard in Resources */ = {isa = PBXBuildFile; fileRef = DD7DF9C725DA0ADC00EC7B56 /* LaunchScreen.storyboard */; };
		DD7DF9D225DA1DD000EC7B56 /* MagicSquareViewModel.swift in Sources */ = {isa = PBXBuildFile; fileRef = DD7DF9D125DA1DD000EC7B56 /* MagicSquareViewModel.swift */; };
		DD7DF9D525DA1EF900EC7B56 /* MagicSquareModel.swift in Sources */ = {isa = PBXBuildFile; fileRef = DD7DF9D425DA1EF900EC7B56 /* MagicSquareModel.swift */; };
/* End PBXBuildFile section */

/* Begin PBXFileReference section */
		DD7DF9B925DA0ADB00EC7B56 /* MagicSquare.app */ = {isa = PBXFileReference; explicitFileType = wrapper.application; includeInIndex = 0; path = MagicSquare.app; sourceTree = BUILT_PRODUCTS_DIR; };
		DD7DF9BC25DA0ADB00EC7B56 /* AppDelegate.swift */ = {isa = PBXFileReference; lastKnownFileType = sourcecode.swift; path = AppDelegate.swift; sourceTree = "<group>"; };
		DD7DF9BE25DA0ADB00EC7B56 /* SceneDelegate.swift */ = {isa = PBXFileReference; lastKnownFileType = sourcecode.swift; path = SceneDelegate.swift; sourceTree = "<group>"; };
		DD7DF9C025DA0ADB00EC7B56 /* ContentView.swift */ = {isa = PBXFileReference; lastKnownFileType = sourcecode.swift; path = ContentView.swift; sourceTree = "<group>"; };
		DD7DF9C225DA0ADC00EC7B56 /* Assets.xcassets */ = {isa = PBXFileReference; lastKnownFileType = folder.assetcatalog; path = Assets.xcassets; sourceTree = "<group>"; };
		DD7DF9C525DA0ADC00EC7B56 /* Preview Assets.xcassets */ = {isa = PBXFileReference; lastKnownFileType = folder.assetcatalog; path = "Preview Assets.xcassets"; sourceTree = "<group>"; };
		DD7DF9C825DA0ADC00EC7B56 /* Base */ = {isa = PBXFileReference; lastKnownFileType = file.storyboard; name = Base; path = Base.lproj/LaunchScreen.storyboard; sourceTree = "<group>"; };
		DD7DF9CA25DA0ADC00EC7B56 /* Info.plist */ = {isa = PBXFileReference; lastKnownFileType = text.plist.xml; path = Info.plist; sourceTree = "<group>"; };
		DD7DF9D125DA1DD000EC7B56 /* MagicSquareViewModel.swift */ = {isa = PBXFileReference; lastKnownFileType = sourcecode.swift; path = MagicSquareViewModel.swift; sourceTree = "<group>"; };
		DD7DF9D425DA1EF900EC7B56 /* MagicSquareModel.swift */ = {isa = PBXFileReference; lastKnownFileType = sourcecode.swift; path = MagicSquareModel.swift; sourceTree = "<group>"; };
/* End PBXFileReference section */

/* Begin PBXFrameworksBuildPhase section */
		DD7DF9B625DA0ADB00EC7B56 /* Frameworks */ = {
			isa = PBXFrameworksBuildPhase;
			buildActionMask = 2147483647;
			files = (
			);
			runOnlyForDeploymentPostprocessing = 0;
		};
/* End PBXFrameworksBuildPhase section */

/* Begin PBXGroup section */
		DD7DF9B025DA0ADB00EC7B56 = {
			isa = PBXGroup;
			children = (
				DD7DF9BB25DA0ADB00EC7B56 /* MagicSquare */,
				DD7DF9BA25DA0ADB00EC7B56 /* Products */,
			);
			sourceTree = "<group>";
		};
		DD7DF9BA25DA0ADB00EC7B56 /* Products */ = {
			isa = PBXGroup;
			children = (
				DD7DF9B925DA0ADB00EC7B56 /* MagicSquare.app */,
			);
			name = Products;
			sourceTree = "<group>";
		};
		DD7DF9BB25DA0ADB00EC7B56 /* MagicSquare */ = {
			isa = PBXGroup;
			children = (
				DD7DF9BC25DA0ADB00EC7B56 /* AppDelegate.swift */,
				DD7DF9BE25DA0ADB00EC7B56 /* SceneDelegate.swift */,
				DD7DF9C025DA0ADB00EC7B56 /* ContentView.swift */,
				DD7DF9C225DA0ADC00EC7B56 /* Assets.xcassets */,
				DD7DF9C725DA0ADC00EC7B56 /* LaunchScreen.storyboard */,
				DD7DF9CA25DA0ADC00EC7B56 /* Info.plist */,
				DD7DF9C425DA0ADC00EC7B56 /* Preview Content */,
				DD7DF9D125DA1DD000EC7B56 /* MagicSquareViewModel.swift */,
				DD7DF9D425DA1EF900EC7B56 /* MagicSquareModel.swift */,
			);
			path = MagicSquare;
			sourceTree = "<group>";
		};
		DD7DF9C425DA0ADC00EC7B56 /* Preview Content */ = {
			isa = PBXGroup;
			children = (
				DD7DF9C525DA0ADC00EC7B56 /* Preview Assets.xcassets */,
			);
			path = "Preview Content";
			sourceTree = "<group>";
		};
/* End PBXGroup section */

/* Begin PBXNativeTarget section */
		DD7DF9B825DA0ADB00EC7B56 /* MagicSquare */ = {
			isa = PBXNativeTarget;
			buildConfigurationList = DD7DF9CD25DA0ADC00EC7B56 /* Build configuration list for PBXNativeTarget "MagicSquare" */;
			buildPhases = (
				DD7DF9B525DA0ADB00EC7B56 /* Sources */,
				DD7DF9B625DA0ADB00EC7B56 /* Frameworks */,
				DD7DF9B725DA0ADB00EC7B56 /* Resources */,
			);
			buildRules = (
			);
			dependencies = (
			);
			name = MagicSquare;
			productName = MagicSquare;
			productReference = DD7DF9B925DA0ADB00EC7B56 /* MagicSquare.app */;
			productType = "com.apple.product-type.application";
		};
/* End PBXNativeTarget section */

/* Begin PBXProject section */
		DD7DF9B125DA0ADB00EC7B56 /* Project object */ = {
			isa = PBXProject;
			attributes = {
				LastSwiftUpdateCheck = 1240;
				LastUpgradeCheck = 1240;
				TargetAttributes = {
					DD7DF9B825DA0ADB00EC7B56 = {
						CreatedOnToolsVersion = 12.4;
					};
				};
			};
			buildConfigurationList = DD7DF9B425DA0ADB00EC7B56 /* Build configuration list for PBXProject "MagicSquare" */;
			compatibilityVersion = "Xcode 9.3";
			developmentRegion = en;
			hasScannedForEncodings = 0;
			knownRegions = (
				en,
				Base,
			);
			mainGroup = DD7DF9B025DA0ADB00EC7B56;
			productRefGroup = DD7DF9BA25DA0ADB00EC7B56 /* Products */;
			projectDirPath = "";
			projectRoot = "";
			targets = (
				DD7DF9B825DA0ADB00EC7B56 /* MagicSquare */,
			);
		};
/* End PBXProject section */

/* Begin PBXResourcesBuildPhase section */
		DD7DF9B725DA0ADB00EC7B56 /* Resources */ = {
			isa = PBXResourcesBuildPhase;
			buildActionMask = 2147483647;
			files = (
				DD7DF9C925DA0ADC00EC7B56 /* LaunchScreen.storyboard in Resources */,
				DD7DF9C625DA0ADC00EC7B56 /* Preview Assets.xcassets in Resources */,
				DD7DF9C325DA0ADC00EC7B56 /* Assets.xcassets in Resources */,
			);
			runOnlyForDeploymentPostprocessing = 0;
		};
/* End PBXResourcesBuildPhase section */

/* Begin PBXSourcesBuildPhase section */
		DD7DF9B525DA0ADB00EC7B56 /* Sources */ = {
			isa = PBXSourcesBuildPhase;
			buildActionMask = 2147483647;
			files = (
				DD7DF9BD25DA0ADB00EC7B56 /* AppDelegate.swift in Sources */,
				DD7DF9BF25DA0ADB00EC7B56 /* SceneDelegate.swift in Sources */,
				DD7DF9C125DA0ADB00EC7B56 /* ContentView.swift in Sources */,
				DD7DF9D225DA1DD000EC7B56 /* MagicSquareViewModel.swift in Sources */,
				DD7DF9D525DA1EF900EC7B56 /* MagicSquareModel.swift in Sources */,
			);
			runOnlyForDeploymentPostprocessing = 0;
		};
/* End PBXSourcesBuildPhase section */

/* Begin PBXVariantGroup section */
		DD7DF9C725DA0ADC00EC7B56 /* LaunchScreen.storyboard */ = {
			isa = PBXVariantGroup;
			children = (
				DD7DF9C825DA0ADC00EC7B56 /* Base */,
			);
			name = LaunchScreen.storyboard;
			sourceTree = "<group>";
		};
/* End PBXVariantGroup section */

/* Begin XCBuildConfiguration section */
		DD7DF9CB25DA0ADC00EC7B56 /* Debug */ = {
			isa = XCBuildConfiguration;
			buildSettings = {
				ALWAYS_SEARCH_USER_PATHS = NO;
				CLANG_ANALYZER_NONNULL = YES;
				CLANG_ANALYZER_NUMBER_OBJECT_CONVERSION = YES_AGGRESSIVE;
				CLANG_CXX_LANGUAGE_STANDARD = "gnu++14";
				CLANG_CXX_LIBRARY = "libc++";
				CLANG_ENABLE_MODULES = YES;
				CLANG_ENABLE_OBJC_ARC = YES;
				CLANG_ENABLE_OBJC_WEAK = YES;
				CLANG_WARN_BLOCK_CAPTURE_AUTORELEASING = YES;
				CLANG_WARN_BOOL_CONVERSION = YES;
				CLANG_WARN_COMMA = YES;
				CLANG_WARN_CONSTANT_CONVERSION = YES;
				CLANG_WARN_DEPRECATED_OBJC_IMPLEMENTATIONS = YES;
				CLANG_WARN_DIRECT_OBJC_ISA_USAGE = YES_ERROR;
				CLANG_WARN_DOCUMENTATION_COMMENTS = YES;
				CLANG_WARN_EMPTY_BODY = YES;
				CLANG_WARN_ENUM_CONVERSION = YES;
				CLANG_WARN_INFINITE_RECURSION = YES;
				CLANG_WARN_INT_CONVERSION = YES;
				CLANG_WARN_NON_LITERAL_NULL_CONVERSION = YES;
				CLANG_WARN_OBJC_IMPLICIT_RETAIN_SELF = YES;
				CLANG_WARN_OBJC_LITERAL_CONVERSION = YES;
				CLANG_WARN_OBJC_ROOT_CLASS = YES_ERROR;
				CLANG_WARN_QUOTED_INCLUDE_IN_FRAMEWORK_HEADER = YES;
				CLANG_WARN_RANGE_LOOP_ANALYSIS = YES;
				CLANG_WARN_STRICT_PROTOTYPES = YES;
				CLANG_WARN_SUSPICIOUS_MOVE = YES;
				CLANG_WARN_UNGUARDED_AVAILABILITY = YES_AGGRESSIVE;
				CLANG_WARN_UNREACHABLE_CODE = YES;
				CLANG_WARN__DUPLICATE_METHOD_MATCH = YES;
				COPY_PHASE_STRIP = NO;
				DEBUG_INFORMATION_FORMAT = dwarf;
				ENABLE_STRICT_OBJC_MSGSEND = YES;
				ENABLE_TESTABILITY = YES;
				GCC_C_LANGUAGE_STANDARD = gnu11;
				GCC_DYNAMIC_NO_PIC = NO;
				GCC_NO_COMMON_BLOCKS = YES;
				GCC_OPTIMIZATION_LEVEL = 0;
				GCC_PREPROCESSOR_DEFINITIONS = (
					"DEBUG=1",
					"$(inherited)",
				);
				GCC_WARN_64_TO_32_BIT_CONVERSION = YES;
				GCC_WARN_ABOUT_RETURN_TYPE = YES_ERROR;
				GCC_WARN_UNDECLARED_SELECTOR = YES;
				GCC_WARN_UNINITIALIZED_AUTOS = YES_AGGRESSIVE;
				GCC_WARN_UNUSED_FUNCTION = YES;
				GCC_WARN_UNUSED_VARIABLE = YES;
				IPHONEOS_DEPLOYMENT_TARGET = 14.4;
				MTL_ENABLE_DEBUG_INFO = INCLUDE_SOURCE;
				MTL_FAST_MATH = YES;
				ONLY_ACTIVE_ARCH = YES;
				SDKROOT = iphoneos;
				SWIFT_ACTIVE_COMPILATION_CONDITIONS = DEBUG;
				SWIFT_OPTIMIZATION_LEVEL = "-Onone";
			};
			name = Debug;
		};
		DD7DF9CC25DA0ADC00EC7B56 /* Release */ = {
			isa = XCBuildConfiguration;
			buildSettings = {
				ALWAYS_SEARCH_USER_PATHS = NO;
				CLANG_ANALYZER_NONNULL = YES;
				CLANG_ANALYZER_NUMBER_OBJECT_CONVERSION = YES_AGGRESSIVE;
				CLANG_CXX_LANGUAGE_STANDARD = "gnu++14";
				CLANG_CXX_LIBRARY = "libc++";
				CLANG_ENABLE_MODULES = YES;
				CLANG_ENABLE_OBJC_ARC = YES;
				CLANG_ENABLE_OBJC_WEAK = YES;
				CLANG_WARN_BLOCK_CAPTURE_AUTORELEASING = YES;
				CLANG_WARN_BOOL_CONVERSION = YES;
				CLANG_WARN_COMMA = YES;
				CLANG_WARN_CONSTANT_CONVERSION = YES;
				CLANG_WARN_DEPRECATED_OBJC_IMPLEMENTATIONS = YES;
				CLANG_WARN_DIRECT_OBJC_ISA_USAGE = YES_ERROR;
				CLANG_WARN_DOCUMENTATION_COMMENTS = YES;
				CLANG_WARN_EMPTY_BODY = YES;
				CLANG_WARN_ENUM_CONVERSION = YES;
				CLANG_WARN_INFINITE_RECURSION = YES;
				CLANG_WARN_INT_CONVERSION = YES;
				CLANG_WARN_NON_LITERAL_NULL_CONVERSION = YES;
				CLANG_WARN_OBJC_IMPLICIT_RETAIN_SELF = YES;
				CLANG_WARN_OBJC_LITERAL_CONVERSION = YES;
				CLANG_WARN_OBJC_ROOT_CLASS = YES_ERROR;
				CLANG_WARN_QUOTED_INCLUDE_IN_FRAMEWORK_HEADER = YES;
				CLANG_WARN_RANGE_LOOP_ANALYSIS = YES;
				CLANG_WARN_STRICT_PROTOTYPES = YES;
				CLANG_WARN_SUSPICIOUS_MOVE = YES;
				CLANG_WARN_UNGUARDED_AVAILABILITY = YES_AGGRESSIVE;
				CLANG_WARN_UNREACHABLE_CODE = YES;
				CLANG_WARN__DUPLICATE_METHOD_MATCH = YES;
				COPY_PHASE_STRIP = NO;
				DEBUG_INFORMATION_FORMAT = "dwarf-with-dsym";
				ENABLE_NS_ASSERTIONS = NO;
				ENABLE_STRICT_OBJC_MSGSEND = YES;
				GCC_C_LANGUAGE_STANDARD = gnu11;
				GCC_NO_COMMON_BLOCKS = YES;
				GCC_WARN_64_TO_32_BIT_CONVERSION = YES;
				GCC_WARN_ABOUT_RETURN_TYPE = YES_ERROR;
				GCC_WARN_UNDECLARED_SELECTOR = YES;
				GCC_WARN_UNINITIALIZED_AUTOS = YES_AGGRESSIVE;
				GCC_WARN_UNUSED_FUNCTION = YES;
				GCC_WARN_UNUSED_VARIABLE = YES;
				IPHONEOS_DEPLOYMENT_TARGET = 14.4;
				MTL_ENABLE_DEBUG_INFO = NO;
				MTL_FAST_MATH = YES;
				SDKROOT = iphoneos;
				SWIFT_COMPILATION_MODE = wholemodule;
				SWIFT_OPTIMIZATION_LEVEL = "-O";
				VALIDATE_PRODUCT = YES;
			};
			name = Release;
		};
		DD7DF9CE25DA0ADC00EC7B56 /* Debug */ = {
			isa = XCBuildConfiguration;
			buildSettings = {
				ASSETCATALOG_COMPILER_APPICON_NAME = AppIcon;
				ASSETCATALOG_COMPILER_GLOBAL_ACCENT_COLOR_NAME = AccentColor;
				CODE_SIGN_STYLE = Automatic;
				DEVELOPMENT_ASSET_PATHS = "\"MagicSquare/Preview Content\"";
				ENABLE_PREVIEWS = YES;
				INFOPLIST_FILE = MagicSquare/Info.plist;
				LD_RUNPATH_SEARCH_PATHS = (
					"$(inherited)",
					"@executable_path/Frameworks",
				);
				PRODUCT_BUNDLE_IDENTIFIER = edu.sonoma.crosales.MagicSquare;
				PRODUCT_NAME = "$(TARGET_NAME)";
				SWIFT_VERSION = 5.0;
				TARGETED_DEVICE_FAMILY = "1,2";
			};
			name = Debug;
		};
		DD7DF9CF25DA0ADC00EC7B56 /* Release */ = {
			isa = XCBuildConfiguration;
			buildSettings = {
				ASSETCATALOG_COMPILER_APPICON_NAME = AppIcon;
				ASSETCATALOG_COMPILER_GLOBAL_ACCENT_COLOR_NAME = AccentColor;
				CODE_SIGN_STYLE = Automatic;
				DEVELOPMENT_ASSET_PATHS = "\"MagicSquare/Preview Content\"";
				ENABLE_PREVIEWS = YES;
				INFOPLIST_FILE = MagicSquare/Info.plist;
				LD_RUNPATH_SEARCH_PATHS = (
					"$(inherited)",
					"@executable_path/Frameworks",
				);
				PRODUCT_BUNDLE_IDENTIFIER = edu.sonoma.crosales.MagicSquare;
				PRODUCT_NAME = "$(TARGET_NAME)";
				SWIFT_VERSION = 5.0;
				TARGETED_DEVICE_FAMILY = "1,2";
			};
			name = Release;
		};
/* End XCBuildConfiguration section */

/* Begin XCConfigurationList section */
		DD7DF9B425DA0ADB00EC7B56 /* Build configuration list for PBXProject "MagicSquare" */ = {
			isa = XCConfigurationList;
			buildConfigurations = (
				DD7DF9CB25DA0ADC00EC7B56 /* Debug */,
				DD7DF9CC25DA0ADC00EC7B56 /* Release */,
			);
			defaultConfigurationIsVisible = 0;
			defaultConfigurationName = Release;
		};
		DD7DF9CD25DA0ADC00EC7B56 /* Build configuration list for PBXNativeTarget "MagicSquare" */ = {
			isa = XCConfigurationList;
			buildConfigurations = (
				DD7DF9CE25DA0ADC00EC7B56 /* Debug */,
				DD7DF9CF25DA0ADC00EC7B56 /* Release */,
			);
			defaultConfigurationIsVisible = 0;
			defaultConfigurationName = Release;
		};
/* End XCConfigurationList section */
	};
	rootObject = DD7DF9B125DA0ADB00EC7B56 /* Project object */;
}
